
Microsoft Visual Studio Solution File, Format Version 12.00
# Visual Studio 14
VisualStudioVersion = 14.0.24720.0
MinimumVisualStudioVersion = 10.0.40219.1
Project("{FAE04EC0-301F-11D3-BF4B-00C04F79EFBC}") = "StringQuotes", "StringQuotes\StringQuotes.csproj", "{60D81B42-81E1-4A73-B74C-7F44C0D58441}"
EndProject
Project("{FAE04EC0-301F-11D3-BF4B-00C04F79EFBC}") = "ComparingFloats", "ComparingFloats\ComparingFloats.csproj", "{4D9510CA-28EB-461E-84B6-460E2E921A68}"
EndProject
Project("{FAE04EC0-301F-11D3-BF4B-00C04F79EFBC}") = "PrintASCIITable", "PrintASCIITable\PrintASCIITable.csproj", "{0CBBDA5D-E4A5-42EC-BD1C-D833C3C1F5FE}"
EndProject
Global
	GlobalSection(SolutionConfigurationPlatforms) = preSolution
		Debug|Any CPU = Debug|Any CPU
		Release|Any CPU = Release|Any CPU
	EndGlobalSection
	GlobalSection(ProjectConfigurationPlatforms) = postSolution
		{60D81B42-81E1-4A73-B74C-7F44C0D58441}.Debug|Any CPU.ActiveCfg = Debug|Any CPU
		{60D81B42-81E1-4A73-B74C-7F44C0D58441}.Debug|Any CPU.Build.0 = Debug|Any CPU
		{60D81B42-81E1-4A73-B74C-7F44C0D58441}.Release|Any CPU.ActiveCfg = Release|Any CPU
		{60D81B42-81E1-4A73-B74C-7F44C0D58441}.Release|Any CPU.Build.0 = Release|Any CPU
		{4D9510CA-28EB-461E-84B6-460E2E921A68}.Debug|Any CPU.ActiveCfg = Debug|Any CPU
		{4D9510CA-28EB-461E-84B6-460E2E921A68}.Debug|Any CPU.Build.0 = Debug|Any CPU
		{4D9510CA-28EB-461E-84B6-460E2E921A68}.Release|Any CPU.ActiveCfg = Release|Any CPU
		{4D9510CA-28EB-461E-84B6-460E2E921A68}.Release|Any CPU.Build.0 = Release|Any CPU
		{0CBBDA5D-E4A5-42EC-BD1C-D833C3C1F5FE}.Debug|Any CPU.ActiveCfg = Debug|Any CPU
		{0CBBDA5D-E4A5-42EC-BD1C-D833C3C1F5FE}.Debug|Any CPU.Build.0 = Debug|Any CPU
		{0CBBDA5D-E4A5-42EC-BD1C-D833C3C1F5FE}.Release|Any CPU.ActiveCfg = Release|Any CPU
		{0CBBDA5D-E4A5-42EC-BD1C-D833C3C1F5FE}.Release|Any CPU.Build.0 = Release|Any CPU
	EndGlobalSection
	GlobalSection(SolutionProperties) = preSolution
		HideSolutionNode = FALSE
	EndGlobalSection
EndGlobal
